// !$*UTF8*$!
{
	archiveVersion = 1;
	classes = {
	};
	objectVersion = 46;
	objects = {

/* Begin PBXBuildFile section */
		A691414619B9ABBE0092E2DC /* internalJSONNode.cpp in Sources */ = {isa = PBXBuildFile; fileRef = A691412119B9ABBE0092E2DC /* internalJSONNode.cpp */; };
		A691414719B9ABBE0092E2DC /* internalJSONNode.cpp in Sources */ = {isa = PBXBuildFile; fileRef = A691412119B9ABBE0092E2DC /* internalJSONNode.cpp */; };
		A691414819B9ABBE0092E2DC /* JSONAllocator.cpp in Sources */ = {isa = PBXBuildFile; fileRef = A691412419B9ABBE0092E2DC /* JSONAllocator.cpp */; };
		A691414919B9ABBE0092E2DC /* JSONAllocator.cpp in Sources */ = {isa = PBXBuildFile; fileRef = A691412419B9ABBE0092E2DC /* JSONAllocator.cpp */; };
		A691414A19B9ABBE0092E2DC /* JSONChildren.cpp in Sources */ = {isa = PBXBuildFile; fileRef = A691412619B9ABBE0092E2DC /* JSONChildren.cpp */; };
		A691414B19B9ABBE0092E2DC /* JSONChildren.cpp in Sources */ = {isa = PBXBuildFile; fileRef = A691412619B9ABBE0092E2DC /* JSONChildren.cpp */; };
		A691414C19B9ABBE0092E2DC /* JSONDebug.cpp in Sources */ = {isa = PBXBuildFile; fileRef = A691412819B9ABBE0092E2DC /* JSONDebug.cpp */; };
		A691414D19B9ABBE0092E2DC /* JSONDebug.cpp in Sources */ = {isa = PBXBuildFile; fileRef = A691412819B9ABBE0092E2DC /* JSONDebug.cpp */; };
		A691414E19B9ABBE0092E2DC /* JSONIterators.cpp in Sources */ = {isa = PBXBuildFile; fileRef = A691413119B9ABBE0092E2DC /* JSONIterators.cpp */; };
		A691414F19B9ABBE0092E2DC /* JSONIterators.cpp in Sources */ = {isa = PBXBuildFile; fileRef = A691413119B9ABBE0092E2DC /* JSONIterators.cpp */; };
		A691415019B9ABBE0092E2DC /* JSONMemory.cpp in Sources */ = {isa = PBXBuildFile; fileRef = A691413219B9ABBE0092E2DC /* JSONMemory.cpp */; };
		A691415119B9ABBE0092E2DC /* JSONMemory.cpp in Sources */ = {isa = PBXBuildFile; fileRef = A691413219B9ABBE0092E2DC /* JSONMemory.cpp */; };
		A691415219B9ABBE0092E2DC /* JSONNode.cpp in Sources */ = {isa = PBXBuildFile; fileRef = A691413519B9ABBE0092E2DC /* JSONNode.cpp */; };
		A691415319B9ABBE0092E2DC /* JSONNode.cpp in Sources */ = {isa = PBXBuildFile; fileRef = A691413519B9ABBE0092E2DC /* JSONNode.cpp */; };
		A691415419B9ABBE0092E2DC /* JSONNode_Mutex.cpp in Sources */ = {isa = PBXBuildFile; fileRef = A691413719B9ABBE0092E2DC /* JSONNode_Mutex.cpp */; };
		A691415519B9ABBE0092E2DC /* JSONNode_Mutex.cpp in Sources */ = {isa = PBXBuildFile; fileRef = A691413719B9ABBE0092E2DC /* JSONNode_Mutex.cpp */; };
		A691415619B9ABBE0092E2DC /* JSONPreparse.cpp in Sources */ = {isa = PBXBuildFile; fileRef = A691413819B9ABBE0092E2DC /* JSONPreparse.cpp */; };
		A691415719B9ABBE0092E2DC /* JSONPreparse.cpp in Sources */ = {isa = PBXBuildFile; fileRef = A691413819B9ABBE0092E2DC /* JSONPreparse.cpp */; };
		A691415819B9ABBE0092E2DC /* JSONStream.cpp in Sources */ = {isa = PBXBuildFile; fileRef = A691413D19B9ABBE0092E2DC /* JSONStream.cpp */; };
		A691415919B9ABBE0092E2DC /* JSONStream.cpp in Sources */ = {isa = PBXBuildFile; fileRef = A691413D19B9ABBE0092E2DC /* JSONStream.cpp */; };
		A691415A19B9ABBE0092E2DC /* JSONValidator.cpp in Sources */ = {isa = PBXBuildFile; fileRef = A691413F19B9ABBE0092E2DC /* JSONValidator.cpp */; };
		A691415B19B9ABBE0092E2DC /* JSONValidator.cpp in Sources */ = {isa = PBXBuildFile; fileRef = A691413F19B9ABBE0092E2DC /* JSONValidator.cpp */; };
		A691415C19B9ABBE0092E2DC /* JSONWorker.cpp in Sources */ = {isa = PBXBuildFile; fileRef = A691414119B9ABBE0092E2DC /* JSONWorker.cpp */; };
		A691415D19B9ABBE0092E2DC /* JSONWorker.cpp in Sources */ = {isa = PBXBuildFile; fileRef = A691414119B9ABBE0092E2DC /* JSONWorker.cpp */; };
		A691415E19B9ABBE0092E2DC /* JSONWriter.cpp in Sources */ = {isa = PBXBuildFile; fileRef = A691414319B9ABBE0092E2DC /* JSONWriter.cpp */; };
		A691415F19B9ABBE0092E2DC /* JSONWriter.cpp in Sources */ = {isa = PBXBuildFile; fileRef = A691414319B9ABBE0092E2DC /* JSONWriter.cpp */; };
		A691416019B9ABBE0092E2DC /* libjson.cpp in Sources */ = {isa = PBXBuildFile; fileRef = A691414419B9ABBE0092E2DC /* libjson.cpp */; };
		A691416119B9ABBE0092E2DC /* libjson.cpp in Sources */ = {isa = PBXBuildFile; fileRef = A691414419B9ABBE0092E2DC /* libjson.cpp */; };
		A6F8F66419B9B6E30037C21F /* Main.cpp in Sources */ = {isa = PBXBuildFile; fileRef = A6F8F65819B9B6E30037C21F /* Main.cpp */; };
		A6F8F66519B9B6E30037C21F /* DocType.cpp in Sources */ = {isa = PBXBuildFile; fileRef = A6F8F65919B9B6E30037C21F /* DocType.cpp */; };
		A6F8F66619B9B6E30037C21F /* Publisher.cpp in Sources */ = {isa = PBXBuildFile; fileRef = A6F8F65A19B9B6E30037C21F /* Publisher.cpp */; };
		A6F8F66719B9B6E30037C21F /* Utils.cpp in Sources */ = {isa = PBXBuildFile; fileRef = A6F8F65B19B9B6E30037C21F /* Utils.cpp */; };
		A6F8F66819B9B6E30037C21F /* OutputWriter.cpp in Sources */ = {isa = PBXBuildFile; fileRef = A6F8F65C19B9B6E30037C21F /* OutputWriter.cpp */; };
		A6F8F66919B9B6E30037C21F /* MyXmlParser.cpp in Sources */ = {isa = PBXBuildFile; fileRef = A6F8F65D19B9B6E30037C21F /* MyXmlParser.cpp */; };
		A6F8F66A19B9B6E30037C21F /* DocTypePublisherPlugin_Precomp.pch in Sources */ = {isa = PBXBuildFile; fileRef = A6F8F65F19B9B6E30037C21F /* DocTypePublisherPlugin_Precomp.pch */; };
		A6F8F66F19B9B6E30037C21F /* libxerces-c-3.1.dylib in Frameworks */ = {isa = PBXBuildFile; fileRef = A6F8F65619B9B6E30037C21F /* libxerces-c-3.1.dylib */; };
		A6F8F67119B9B6E40037C21F /* Main.cpp in Sources */ = {isa = PBXBuildFile; fileRef = A6F8F65819B9B6E30037C21F /* Main.cpp */; };
		A6F8F67219B9B6E40037C21F /* DocType.cpp in Sources */ = {isa = PBXBuildFile; fileRef = A6F8F65919B9B6E30037C21F /* DocType.cpp */; };
		A6F8F67319B9B6E40037C21F /* Publisher.cpp in Sources */ = {isa = PBXBuildFile; fileRef = A6F8F65A19B9B6E30037C21F /* Publisher.cpp */; };
		A6F8F67419B9B6E40037C21F /* Utils.cpp in Sources */ = {isa = PBXBuildFile; fileRef = A6F8F65B19B9B6E30037C21F /* Utils.cpp */; };
		A6F8F67519B9B6E40037C21F /* OutputWriter.cpp in Sources */ = {isa = PBXBuildFile; fileRef = A6F8F65C19B9B6E30037C21F /* OutputWriter.cpp */; };
		A6F8F67619B9B6E40037C21F /* MyXmlParser.cpp in Sources */ = {isa = PBXBuildFile; fileRef = A6F8F65D19B9B6E30037C21F /* MyXmlParser.cpp */; };
		A6F8F67719B9B6E40037C21F /* DocTypePublisherPlugin_Precomp.pch in Sources */ = {isa = PBXBuildFile; fileRef = A6F8F65F19B9B6E30037C21F /* DocTypePublisherPlugin_Precomp.pch */; };
		A6F8F67C19B9B6E40037C21F /* libxerces-c-3.1.dylib in Frameworks */ = {isa = PBXBuildFile; fileRef = A6F8F65619B9B6E30037C21F /* libxerces-c-3.1.dylib */; };
		CA44FC201A0AE1CF0027699A /* ApplicationServices.framework in Frameworks */ = {isa = PBXBuildFile; fileRef = CA44FC1F1A0AE1CF0027699A /* ApplicationServices.framework */; };
		CA44FC221A0AE1DA0027699A /* Foundation.framework in Frameworks */ = {isa = PBXBuildFile; fileRef = CA44FC211A0AE1DA0027699A /* Foundation.framework */; };
		CA44FC241A0AE1E30027699A /* AppKit.framework in Frameworks */ = {isa = PBXBuildFile; fileRef = CA44FC231A0AE1E30027699A /* AppKit.framework */; };
		CA44FC251A0AE2060027699A /* CoreServices.framework in Frameworks */ = {isa = PBXBuildFile; fileRef = CA44FC1D1A0AE1C60027699A /* CoreServices.framework */; };
		CAA90B941A111DBD00BB2077 /* Features.xml in Resources */ = {isa = PBXBuildFile; fileRef = CAA90B931A111DBD00BB2077 /* Features.xml */; };
		CAA90B951A111DBD00BB2077 /* Features.xml in Resources */ = {isa = PBXBuildFile; fileRef = CAA90B931A111DBD00BB2077 /* Features.xml */; };
/* End PBXBuildFile section */

/* Begin PBXFileReference section */
		A691412119B9ABBE0092E2DC /* internalJSONNode.cpp */ = {isa = PBXFileReference; fileEncoding = 4; lastKnownFileType = sourcecode.cpp.cpp; path = internalJSONNode.cpp; sourceTree = "<group>"; };
		A691412419B9ABBE0092E2DC /* JSONAllocator.cpp */ = {isa = PBXFileReference; fileEncoding = 4; lastKnownFileType = sourcecode.cpp.cpp; path = JSONAllocator.cpp; sourceTree = "<group>"; };
		A691412619B9ABBE0092E2DC /* JSONChildren.cpp */ = {isa = PBXFileReference; fileEncoding = 4; lastKnownFileType = sourcecode.cpp.cpp; path = JSONChildren.cpp; sourceTree = "<group>"; };
		A691412819B9ABBE0092E2DC /* JSONDebug.cpp */ = {isa = PBXFileReference; fileEncoding = 4; lastKnownFileType = sourcecode.cpp.cpp; path = JSONDebug.cpp; sourceTree = "<group>"; };
		A691413119B9ABBE0092E2DC /* JSONIterators.cpp */ = {isa = PBXFileReference; fileEncoding = 4; lastKnownFileType = sourcecode.cpp.cpp; path = JSONIterators.cpp; sourceTree = "<group>"; };
		A691413219B9ABBE0092E2DC /* JSONMemory.cpp */ = {isa = PBXFileReference; fileEncoding = 4; lastKnownFileType = sourcecode.cpp.cpp; path = JSONMemory.cpp; sourceTree = "<group>"; };
		A691413519B9ABBE0092E2DC /* JSONNode.cpp */ = {isa = PBXFileReference; fileEncoding = 4; lastKnownFileType = sourcecode.cpp.cpp; path = JSONNode.cpp; sourceTree = "<group>"; };
		A691413719B9ABBE0092E2DC /* JSONNode_Mutex.cpp */ = {isa = PBXFileReference; fileEncoding = 4; lastKnownFileType = sourcecode.cpp.cpp; path = JSONNode_Mutex.cpp; sourceTree = "<group>"; };
		A691413819B9ABBE0092E2DC /* JSONPreparse.cpp */ = {isa = PBXFileReference; fileEncoding = 4; lastKnownFileType = sourcecode.cpp.cpp; path = JSONPreparse.cpp; sourceTree = "<group>"; };
		A691413D19B9ABBE0092E2DC /* JSONStream.cpp */ = {isa = PBXFileReference; fileEncoding = 4; lastKnownFileType = sourcecode.cpp.cpp; path = JSONStream.cpp; sourceTree = "<group>"; };
		A691413F19B9ABBE0092E2DC /* JSONValidator.cpp */ = {isa = PBXFileReference; fileEncoding = 4; lastKnownFileType = sourcecode.cpp.cpp; path = JSONValidator.cpp; sourceTree = "<group>"; };
		A691414119B9ABBE0092E2DC /* JSONWorker.cpp */ = {isa = PBXFileReference; fileEncoding = 4; lastKnownFileType = sourcecode.cpp.cpp; path = JSONWorker.cpp; sourceTree = "<group>"; };
		A691414319B9ABBE0092E2DC /* JSONWriter.cpp */ = {isa = PBXFileReference; fileEncoding = 4; lastKnownFileType = sourcecode.cpp.cpp; path = JSONWriter.cpp; sourceTree = "<group>"; };
		A691414419B9ABBE0092E2DC /* libjson.cpp */ = {isa = PBXFileReference; fileEncoding = 4; lastKnownFileType = sourcecode.cpp.cpp; path = libjson.cpp; sourceTree = "<group>"; };
		A6F8F65619B9B6E30037C21F /* libxerces-c-3.1.dylib */ = {isa = PBXFileReference; explicitFileType = "compiled.mach-o.dylib"; name = "libxerces-c-3.1.dylib"; path = "../../../Common/ThirdParty/xerces/mac/xerces-c-3.1.1/Build/Mac/Release/libxerces-c-3.1.dylib"; sourceTree = SOURCE_ROOT; };
		A6F8F65819B9B6E30037C21F /* Main.cpp */ = {isa = PBXFileReference; explicitFileType = sourcecode.cpp.objcpp; fileEncoding = 30; path = Main.cpp; sourceTree = "<group>"; };
		A6F8F65919B9B6E30037C21F /* DocType.cpp */ = {isa = PBXFileReference; explicitFileType = sourcecode.cpp.objcpp; fileEncoding = 30; path = DocType.cpp; sourceTree = "<group>"; };
		A6F8F65A19B9B6E30037C21F /* Publisher.cpp */ = {isa = PBXFileReference; explicitFileType = sourcecode.cpp.objcpp; fileEncoding = 30; path = Publisher.cpp; sourceTree = "<group>"; };
		A6F8F65B19B9B6E30037C21F /* Utils.cpp */ = {isa = PBXFileReference; explicitFileType = sourcecode.cpp.objcpp; fileEncoding = 30; path = Utils.cpp; sourceTree = "<group>"; };
		A6F8F65C19B9B6E30037C21F /* OutputWriter.cpp */ = {isa = PBXFileReference; explicitFileType = sourcecode.cpp.objcpp; fileEncoding = 30; path = OutputWriter.cpp; sourceTree = "<group>"; };
		A6F8F65D19B9B6E30037C21F /* MyXmlParser.cpp */ = {isa = PBXFileReference; explicitFileType = sourcecode.cpp.objcpp; fileEncoding = 30; path = MyXmlParser.cpp; sourceTree = "<group>"; };
		A6F8F65F19B9B6E30037C21F /* DocTypePublisherPlugin_Precomp.pch */ = {isa = PBXFileReference; explicitFileType = sourcecode.cpp.objcpp; fileEncoding = 30; path = DocTypePublisherPlugin_Precomp.pch; sourceTree = "<group>"; };
		CA44FC1D1A0AE1C60027699A /* CoreServices.framework */ = {isa = PBXFileReference; lastKnownFileType = wrapper.framework; name = CoreServices.framework; path = System/Library/Frameworks/CoreServices.framework; sourceTree = SDKROOT; };
		CA44FC1F1A0AE1CF0027699A /* ApplicationServices.framework */ = {isa = PBXFileReference; lastKnownFileType = wrapper.framework; name = ApplicationServices.framework; path = System/Library/Frameworks/ApplicationServices.framework; sourceTree = SDKROOT; };
		CA44FC211A0AE1DA0027699A /* Foundation.framework */ = {isa = PBXFileReference; lastKnownFileType = wrapper.framework; name = Foundation.framework; path = System/Library/Frameworks/Foundation.framework; sourceTree = SDKROOT; };
		CA44FC231A0AE1E30027699A /* AppKit.framework */ = {isa = PBXFileReference; lastKnownFileType = wrapper.framework; name = AppKit.framework; path = System/Library/Frameworks/AppKit.framework; sourceTree = SDKROOT; };
		CA44FC2A1A0AE27A0027699A /* AppNamespace.h */ = {isa = PBXFileReference; fileEncoding = 4; lastKnownFileType = sourcecode.c.h; path = AppNamespace.h; sourceTree = "<group>"; };
		CA44FC2C1A0AE27A0027699A /* FlashFCMPublicIDs.h */ = {isa = PBXFileReference; fileEncoding = 4; lastKnownFileType = sourcecode.c.h; path = FlashFCMPublicIDs.h; sourceTree = "<group>"; };
		CA44FC301A0AE27A0027699A /* IFlashApplicationService.h */ = {isa = PBXFileReference; fileEncoding = 4; lastKnownFileType = sourcecode.c.h; path = IFlashApplicationService.h; sourceTree = "<group>"; };
		CA44FC311A0AE27A0027699A /* IOutputConsoleService.h */ = {isa = PBXFileReference; fileEncoding = 4; lastKnownFileType = sourcecode.c.h; path = IOutputConsoleService.h; sourceTree = "<group>"; };
		CA44FC331A0AE27A0027699A /* IDocType.h */ = {isa = PBXFileReference; fileEncoding = 4; lastKnownFileType = sourcecode.c.h; path = IDocType.h; sourceTree = "<group>"; };
		CA44FC341A0AE27A0027699A /* IFeatureMatrix.h */ = {isa = PBXFileReference; fileEncoding = 4; lastKnownFileType = sourcecode.c.h; path = IFeatureMatrix.h; sourceTree = "<group>"; };
		CA44FC371A0AE27A0027699A /* IBitmapFillStyle.h */ = {isa = PBXFileReference; fileEncoding = 4; lastKnownFileType = sourcecode.c.h; path = IBitmapFillStyle.h; sourceTree = "<group>"; };
		CA44FC381A0AE27A0027699A /* IGradientFillStyle.h */ = {isa = PBXFileReference; fileEncoding = 4; lastKnownFileType = sourcecode.c.h; path = IGradientFillStyle.h; sourceTree = "<group>"; };
		CA44FC391A0AE27A0027699A /* ISolidFillStyle.h */ = {isa = PBXFileReference; fileEncoding = 4; lastKnownFileType = sourcecode.c.h; path = ISolidFillStyle.h; sourceTree = "<group>"; };
		CA44FC3B1A0AE27A0027699A /* IBitmapInstance.h */ = {isa = PBXFileReference; fileEncoding = 4; lastKnownFileType = sourcecode.c.h; path = IBitmapInstance.h; sourceTree = "<group>"; };
		CA44FC3C1A0AE27A0027699A /* IClassicText.h */ = {isa = PBXFileReference; fileEncoding = 4; lastKnownFileType = sourcecode.c.h; path = IClassicText.h; sourceTree = "<group>"; };
		CA44FC3D1A0AE27A0027699A /* IFrameDisplayElement.h */ = {isa = PBXFileReference; fileEncoding = 4; lastKnownFileType = sourcecode.c.h; path = IFrameDisplayElement.h; sourceTree = "<group>"; };
		CA44FC3E1A0AE27A0027699A /* IGraphic.h */ = {isa = PBXFileReference; fileEncoding = 4; lastKnownFileType = sourcecode.c.h; path = IGraphic.h; sourceTree = "<group>"; };
		CA44FC3F1A0AE27A0027699A /* IGroup.h */ = {isa = PBXFileReference; fileEncoding = 4; lastKnownFileType = sourcecode.c.h; path = IGroup.h; sourceTree = "<group>"; };
		CA44FC401A0AE27A0027699A /* IInstance.h */ = {isa = PBXFileReference; fileEncoding = 4; lastKnownFileType = sourcecode.c.h; path = IInstance.h; sourceTree = "<group>"; };
		CA44FC411A0AE27A0027699A /* IMovieClip.h */ = {isa = PBXFileReference; fileEncoding = 4; lastKnownFileType = sourcecode.c.h; path = IMovieClip.h; sourceTree = "<group>"; };
		CA44FC421A0AE27A0027699A /* IParagraph.h */ = {isa = PBXFileReference; fileEncoding = 4; lastKnownFileType = sourcecode.c.h; path = IParagraph.h; sourceTree = "<group>"; };
		CA44FC431A0AE27A0027699A /* IShape.h */ = {isa = PBXFileReference; fileEncoding = 4; lastKnownFileType = sourcecode.c.h; path = IShape.h; sourceTree = "<group>"; };
		CA44FC441A0AE27A0027699A /* ISound.h */ = {isa = PBXFileReference; fileEncoding = 4; lastKnownFileType = sourcecode.c.h; path = ISound.h; sourceTree = "<group>"; };
		CA44FC451A0AE27A0027699A /* ISymbolInstance.h */ = {isa = PBXFileReference; fileEncoding = 4; lastKnownFileType = sourcecode.c.h; path = ISymbolInstance.h; sourceTree = "<group>"; };
		CA44FC461A0AE27A0027699A /* ITextBehaviour.h */ = {isa = PBXFileReference; fileEncoding = 4; lastKnownFileType = sourcecode.c.h; path = ITextBehaviour.h; sourceTree = "<group>"; };
		CA44FC471A0AE27A0027699A /* ITextRun.h */ = {isa = PBXFileReference; fileEncoding = 4; lastKnownFileType = sourcecode.c.h; path = ITextRun.h; sourceTree = "<group>"; };
		CA44FC481A0AE27A0027699A /* ITextStyle.h */ = {isa = PBXFileReference; fileEncoding = 4; lastKnownFileType = sourcecode.c.h; path = ITextStyle.h; sourceTree = "<group>"; };
		CA44FC4A1A0AE27A0027699A /* IAdjustColorFilter.h */ = {isa = PBXFileReference; fileEncoding = 4; lastKnownFileType = sourcecode.c.h; path = IAdjustColorFilter.h; sourceTree = "<group>"; };
		CA44FC4B1A0AE27A0027699A /* IBevelFilter.h */ = {isa = PBXFileReference; fileEncoding = 4; lastKnownFileType = sourcecode.c.h; path = IBevelFilter.h; sourceTree = "<group>"; };
		CA44FC4C1A0AE27A0027699A /* IBlurFilter.h */ = {isa = PBXFileReference; fileEncoding = 4; lastKnownFileType = sourcecode.c.h; path = IBlurFilter.h; sourceTree = "<group>"; };
		CA44FC4D1A0AE27A0027699A /* IDropShadowFilter.h */ = {isa = PBXFileReference; fileEncoding = 4; lastKnownFileType = sourcecode.c.h; path = IDropShadowFilter.h; sourceTree = "<group>"; };
		CA44FC4E1A0AE27A0027699A /* IGlowFilter.h */ = {isa = PBXFileReference; fileEncoding = 4; lastKnownFileType = sourcecode.c.h; path = IGlowFilter.h; sourceTree = "<group>"; };
		CA44FC4F1A0AE27A0027699A /* IGradientBevelFilter.h */ = {isa = PBXFileReference; fileEncoding = 4; lastKnownFileType = sourcecode.c.h; path = IGradientBevelFilter.h; sourceTree = "<group>"; };
		CA44FC501A0AE27A0027699A /* IGradientGlowFilter.h */ = {isa = PBXFileReference; fileEncoding = 4; lastKnownFileType = sourcecode.c.h; path = IGradientGlowFilter.h; sourceTree = "<group>"; };
		CA44FC511A0AE27A0027699A /* IFilterable.h */ = {isa = PBXFileReference; fileEncoding = 4; lastKnownFileType = sourcecode.c.h; path = IFilterable.h; sourceTree = "<group>"; };
		CA44FC521A0AE27A0027699A /* IFLADocument.h */ = {isa = PBXFileReference; fileEncoding = 4; lastKnownFileType = sourcecode.c.h; path = IFLADocument.h; sourceTree = "<group>"; };
		CA44FC531A0AE27A0027699A /* IFrame.h */ = {isa = PBXFileReference; fileEncoding = 4; lastKnownFileType = sourcecode.c.h; path = IFrame.h; sourceTree = "<group>"; };
		CA44FC541A0AE27A0027699A /* ILayer.h */ = {isa = PBXFileReference; fileEncoding = 4; lastKnownFileType = sourcecode.c.h; path = ILayer.h; sourceTree = "<group>"; };
		CA44FC551A0AE27A0027699A /* ILibraryItem.h */ = {isa = PBXFileReference; fileEncoding = 4; lastKnownFileType = sourcecode.c.h; path = ILibraryItem.h; sourceTree = "<group>"; };
		CA44FC561A0AE27A0027699A /* ITimeline.h */ = {isa = PBXFileReference; fileEncoding = 4; lastKnownFileType = sourcecode.c.h; path = ITimeline.h; sourceTree = "<group>"; };
		CA44FC571A0AE27A0027699A /* ITween.h */ = {isa = PBXFileReference; fileEncoding = 4; lastKnownFileType = sourcecode.c.h; path = ITween.h; sourceTree = "<group>"; };
		CA44FC591A0AE27A0027699A /* IFolderItem.h */ = {isa = PBXFileReference; fileEncoding = 4; lastKnownFileType = sourcecode.c.h; path = IFolderItem.h; sourceTree = "<group>"; };
		CA44FC5A1A0AE27A0027699A /* IFontItem.h */ = {isa = PBXFileReference; fileEncoding = 4; lastKnownFileType = sourcecode.c.h; path = IFontItem.h; sourceTree = "<group>"; };
		CA44FC5B1A0AE27A0027699A /* IMediaItem.h */ = {isa = PBXFileReference; fileEncoding = 4; lastKnownFileType = sourcecode.c.h; path = IMediaItem.h; sourceTree = "<group>"; };
		CA44FC5C1A0AE27A0027699A /* ISymbolItem.h */ = {isa = PBXFileReference; fileEncoding = 4; lastKnownFileType = sourcecode.c.h; path = ISymbolItem.h; sourceTree = "<group>"; };
		CA44FC5E1A0AE27A0027699A /* IBitmapInfo.h */ = {isa = PBXFileReference; fileEncoding = 4; lastKnownFileType = sourcecode.c.h; path = IBitmapInfo.h; sourceTree = "<group>"; };
		CA44FC5F1A0AE27A0027699A /* ISoundInfo.h */ = {isa = PBXFileReference; fileEncoding = 4; lastKnownFileType = sourcecode.c.h; path = ISoundInfo.h; sourceTree = "<group>"; };
		CA44FC621A0AE27A0027699A /* IFLADocService.h */ = {isa = PBXFileReference; fileEncoding = 4; lastKnownFileType = sourcecode.c.h; path = IFLADocService.h; sourceTree = "<group>"; };
		CA44FC641A0AE27A0027699A /* IFontTable.h */ = {isa = PBXFileReference; fileEncoding = 4; lastKnownFileType = sourcecode.c.h; path = IFontTable.h; sourceTree = "<group>"; };
		CA44FC651A0AE27A0027699A /* IFontTableGeneratorService.h */ = {isa = PBXFileReference; fileEncoding = 4; lastKnownFileType = sourcecode.c.h; path = IFontTableGeneratorService.h; sourceTree = "<group>"; };
		CA44FC661A0AE27A0027699A /* IGlyph.h */ = {isa = PBXFileReference; fileEncoding = 4; lastKnownFileType = sourcecode.c.h; path = IGlyph.h; sourceTree = "<group>"; };
		CA44FC671A0AE27A0027699A /* IKerningPair.h */ = {isa = PBXFileReference; fileEncoding = 4; lastKnownFileType = sourcecode.c.h; path = IKerningPair.h; sourceTree = "<group>"; };
		CA44FC691A0AE27A0027699A /* IBitmapExportService.h */ = {isa = PBXFileReference; fileEncoding = 4; lastKnownFileType = sourcecode.c.h; path = IBitmapExportService.h; sourceTree = "<group>"; };
		CA44FC6B1A0AE27A0027699A /* IEdge.h */ = {isa = PBXFileReference; fileEncoding = 4; lastKnownFileType = sourcecode.c.h; path = IEdge.h; sourceTree = "<group>"; };
		CA44FC6C1A0AE27A0027699A /* IFilledRegion.h */ = {isa = PBXFileReference; fileEncoding = 4; lastKnownFileType = sourcecode.c.h; path = IFilledRegion.h; sourceTree = "<group>"; };
		CA44FC6D1A0AE27A0027699A /* IPath.h */ = {isa = PBXFileReference; fileEncoding = 4; lastKnownFileType = sourcecode.c.h; path = IPath.h; sourceTree = "<group>"; };
		CA44FC6E1A0AE27A0027699A /* IRegionGeneratorService.h */ = {isa = PBXFileReference; fileEncoding = 4; lastKnownFileType = sourcecode.c.h; path = IRegionGeneratorService.h; sourceTree = "<group>"; };
		CA44FC6F1A0AE27A0027699A /* IShapeService.h */ = {isa = PBXFileReference; fileEncoding = 4; lastKnownFileType = sourcecode.c.h; path = IShapeService.h; sourceTree = "<group>"; };
		CA44FC701A0AE27A0027699A /* IStrokeGroup.h */ = {isa = PBXFileReference; fileEncoding = 4; lastKnownFileType = sourcecode.c.h; path = IStrokeGroup.h; sourceTree = "<group>"; };
		CA44FC721A0AE27A0027699A /* ISoundExportService.h */ = {isa = PBXFileReference; fileEncoding = 4; lastKnownFileType = sourcecode.c.h; path = ISoundExportService.h; sourceTree = "<group>"; };
		CA44FC741A0AE27A0027699A /* ITextLine.h */ = {isa = PBXFileReference; fileEncoding = 4; lastKnownFileType = sourcecode.c.h; path = ITextLine.h; sourceTree = "<group>"; };
		CA44FC751A0AE27A0027699A /* ITextLinesGeneratorService.h */ = {isa = PBXFileReference; fileEncoding = 4; lastKnownFileType = sourcecode.c.h; path = ITextLinesGeneratorService.h; sourceTree = "<group>"; };
		CA44FC771A0AE27A0027699A /* IColorTweener.h */ = {isa = PBXFileReference; fileEncoding = 4; lastKnownFileType = sourcecode.c.h; path = IColorTweener.h; sourceTree = "<group>"; };
		CA44FC781A0AE27A0027699A /* IFilterTweener.h */ = {isa = PBXFileReference; fileEncoding = 4; lastKnownFileType = sourcecode.c.h; path = IFilterTweener.h; sourceTree = "<group>"; };
		CA44FC791A0AE27A0027699A /* IGeometricTweener.h */ = {isa = PBXFileReference; fileEncoding = 4; lastKnownFileType = sourcecode.c.h; path = IGeometricTweener.h; sourceTree = "<group>"; };
		CA44FC7A1A0AE27A0027699A /* IPropertyIDs.h */ = {isa = PBXFileReference; fileEncoding = 4; lastKnownFileType = sourcecode.c.h; path = IPropertyIDs.h; sourceTree = "<group>"; };
		CA44FC7B1A0AE27A0027699A /* IShapeTweener.h */ = {isa = PBXFileReference; fileEncoding = 4; lastKnownFileType = sourcecode.c.h; path = IShapeTweener.h; sourceTree = "<group>"; };
		CA44FC7C1A0AE27A0027699A /* ITweenerService.h */ = {isa = PBXFileReference; fileEncoding = 4; lastKnownFileType = sourcecode.c.h; path = ITweenerService.h; sourceTree = "<group>"; };
		CA44FC7E1A0AE27A0027699A /* IDashedStrokeStyle.h */ = {isa = PBXFileReference; fileEncoding = 4; lastKnownFileType = sourcecode.c.h; path = IDashedStrokeStyle.h; sourceTree = "<group>"; };
		CA44FC7F1A0AE27A0027699A /* IDottedStrokeStyle.h */ = {isa = PBXFileReference; fileEncoding = 4; lastKnownFileType = sourcecode.c.h; path = IDottedStrokeStyle.h; sourceTree = "<group>"; };
		CA44FC801A0AE27A0027699A /* IHatchedStrokeStyle.h */ = {isa = PBXFileReference; fileEncoding = 4; lastKnownFileType = sourcecode.c.h; path = IHatchedStrokeStyle.h; sourceTree = "<group>"; };
		CA44FC811A0AE27A0027699A /* IRaggedStrokeStyle.h */ = {isa = PBXFileReference; fileEncoding = 4; lastKnownFileType = sourcecode.c.h; path = IRaggedStrokeStyle.h; sourceTree = "<group>"; };
		CA44FC821A0AE27A0027699A /* ISolidStrokeStyle.h */ = {isa = PBXFileReference; fileEncoding = 4; lastKnownFileType = sourcecode.c.h; path = ISolidStrokeStyle.h; sourceTree = "<group>"; };
		CA44FC831A0AE27A0027699A /* IStippleStrokeStyle.h */ = {isa = PBXFileReference; fileEncoding = 4; lastKnownFileType = sourcecode.c.h; path = IStippleStrokeStyle.h; sourceTree = "<group>"; };
		CA44FC841A0AE27A0027699A /* IStrokeWidth.h */ = {isa = PBXFileReference; fileEncoding = 4; lastKnownFileType = sourcecode.c.h; path = IStrokeWidth.h; sourceTree = "<group>"; };
		CA44FC861A0AE27A0027699A /* DOMTypes.h */ = {isa = PBXFileReference; fileEncoding = 4; lastKnownFileType = sourcecode.c.h; path = DOMTypes.h; sourceTree = "<group>"; };
		CA44FC871A0AE27A0027699A /* ILinearColorGradient.h */ = {isa = PBXFileReference; fileEncoding = 4; lastKnownFileType = sourcecode.c.h; path = ILinearColorGradient.h; sourceTree = "<group>"; };
		CA44FC881A0AE27A0027699A /* IMatrix2D.h */ = {isa = PBXFileReference; fileEncoding = 4; lastKnownFileType = sourcecode.c.h; path = IMatrix2D.h; sourceTree = "<group>"; };
		CA44FC891A0AE27A0027699A /* IRadialColorGradient.h */ = {isa = PBXFileReference; fileEncoding = 4; lastKnownFileType = sourcecode.c.h; path = IRadialColorGradient.h; sourceTree = "<group>"; };
		CA44FC8A1A0AE27A0027699A /* IRect.h */ = {isa = PBXFileReference; fileEncoding = 4; lastKnownFileType = sourcecode.c.h; path = IRect.h; sourceTree = "<group>"; };
		CA44FC8B1A0AE27A0027699A /* ISoundEffect.h */ = {isa = PBXFileReference; fileEncoding = 4; lastKnownFileType = sourcecode.c.h; path = ISoundEffect.h; sourceTree = "<group>"; };
		CA44FC8E1A0AE27A0027699A /* IFrameCommandGenerator.h */ = {isa = PBXFileReference; fileEncoding = 4; lastKnownFileType = sourcecode.c.h; path = IFrameCommandGenerator.h; sourceTree = "<group>"; };
		CA44FC8F1A0AE27A0027699A /* IResourcePalette.h */ = {isa = PBXFileReference; fileEncoding = 4; lastKnownFileType = sourcecode.c.h; path = IResourcePalette.h; sourceTree = "<group>"; };
		CA44FC901A0AE27A0027699A /* ISWFExportService.h */ = {isa = PBXFileReference; fileEncoding = 4; lastKnownFileType = sourcecode.c.h; path = ISWFExportService.h; sourceTree = "<group>"; };
		CA44FC911A0AE27A0027699A /* ITimelineBuilder.h */ = {isa = PBXFileReference; fileEncoding = 4; lastKnownFileType = sourcecode.c.h; path = ITimelineBuilder.h; sourceTree = "<group>"; };
		CA44FC921A0AE27A0027699A /* ITimelineBuilderFactory.h */ = {isa = PBXFileReference; fileEncoding = 4; lastKnownFileType = sourcecode.c.h; path = ITimelineBuilderFactory.h; sourceTree = "<group>"; };
		CA44FC941A0AE27A0027699A /* IPublisher.h */ = {isa = PBXFileReference; fileEncoding = 4; lastKnownFileType = sourcecode.c.h; path = IPublisher.h; sourceTree = "<group>"; };
		CA44FC981A0AE27A0027699A /* FCMErrors.h */ = {isa = PBXFileReference; fileEncoding = 4; lastKnownFileType = sourcecode.c.h; path = FCMErrors.h; sourceTree = "<group>"; };
		CA44FC991A0AE27A0027699A /* FCMMacros.h */ = {isa = PBXFileReference; fileEncoding = 4; lastKnownFileType = sourcecode.c.h; path = FCMMacros.h; sourceTree = "<group>"; };
		CA44FC9A1A0AE27A0027699A /* FCMPluginInterface.h */ = {isa = PBXFileReference; fileEncoding = 4; lastKnownFileType = sourcecode.c.h; path = FCMPluginInterface.h; sourceTree = "<group>"; };
		CA44FC9B1A0AE27A0027699A /* FCMPostConfig.h */ = {isa = PBXFileReference; fileEncoding = 4; lastKnownFileType = sourcecode.c.h; path = FCMPostConfig.h; sourceTree = "<group>"; };
		CA44FC9C1A0AE27A0027699A /* FCMPreConfig.h */ = {isa = PBXFileReference; fileEncoding = 4; lastKnownFileType = sourcecode.c.h; path = FCMPreConfig.h; sourceTree = "<group>"; };
		CA44FC9D1A0AE27A0027699A /* FCMPublicIDs.h */ = {isa = PBXFileReference; fileEncoding = 4; lastKnownFileType = sourcecode.c.h; path = FCMPublicIDs.h; sourceTree = "<group>"; };
		CA44FC9E1A0AE27A0027699A /* FCMTypes.h */ = {isa = PBXFileReference; fileEncoding = 4; lastKnownFileType = sourcecode.c.h; path = FCMTypes.h; sourceTree = "<group>"; };
		CA44FCA01A0AE27A0027699A /* FCMPostAlign_MAC.h */ = {isa = PBXFileReference; fileEncoding = 4; lastKnownFileType = sourcecode.c.h; path = FCMPostAlign_MAC.h; sourceTree = "<group>"; };
		CA44FCA11A0AE27A0027699A /* FCMPreAlign_MAC.h */ = {isa = PBXFileReference; fileEncoding = 4; lastKnownFileType = sourcecode.c.h; path = FCMPreAlign_MAC.h; sourceTree = "<group>"; };
		CA44FCA31A0AE27A0027699A /* FCMPostAlign_WIN.h */ = {isa = PBXFileReference; fileEncoding = 4; lastKnownFileType = sourcecode.c.h; path = FCMPostAlign_WIN.h; sourceTree = "<group>"; };
		CA44FCA41A0AE27A0027699A /* FCMPreAlign_WIN.h */ = {isa = PBXFileReference; fileEncoding = 4; lastKnownFileType = sourcecode.c.h; path = FCMPreAlign_WIN.h; sourceTree = "<group>"; };
		CA44FCA51A0AE27A0027699A /* FCMCoreNamespaces.h */ = {isa = PBXFileReference; fileEncoding = 4; lastKnownFileType = sourcecode.c.h; path = FCMCoreNamespaces.h; sourceTree = "<group>"; };
		CA44FCA71A0AE27A0027699A /* IFCMCallback.h */ = {isa = PBXFileReference; fileEncoding = 4; lastKnownFileType = sourcecode.c.h; path = IFCMCallback.h; sourceTree = "<group>"; };
		CA44FCA81A0AE27A0027699A /* IFCMCalloc.h */ = {isa = PBXFileReference; fileEncoding = 4; lastKnownFileType = sourcecode.c.h; path = IFCMCalloc.h; sourceTree = "<group>"; };
		CA44FCA91A0AE27A0027699A /* IFCMClassFactory.h */ = {isa = PBXFileReference; fileEncoding = 4; lastKnownFileType = sourcecode.c.h; path = IFCMClassFactory.h; sourceTree = "<group>"; };
		CA44FCAA1A0AE27A0027699A /* IFCMDictionary.h */ = {isa = PBXFileReference; fileEncoding = 4; lastKnownFileType = sourcecode.c.h; path = IFCMDictionary.h; sourceTree = "<group>"; };
		CA44FCAB1A0AE27A0027699A /* IFCMList.h */ = {isa = PBXFileReference; fileEncoding = 4; lastKnownFileType = sourcecode.c.h; path = IFCMList.h; sourceTree = "<group>"; };
		CA44FCAC1A0AE27A0027699A /* IFCMNoAggregationUnknown.h */ = {isa = PBXFileReference; fileEncoding = 4; lastKnownFileType = sourcecode.c.h; path = IFCMNoAggregationUnknown.h; sourceTree = "<group>"; };
		CA44FCAD1A0AE27A0027699A /* IFCMNotificationClient.h */ = {isa = PBXFileReference; fileEncoding = 4; lastKnownFileType = sourcecode.c.h; path = IFCMNotificationClient.h; sourceTree = "<group>"; };
		CA44FCAE1A0AE27A0027699A /* IFCMNotificationService.h */ = {isa = PBXFileReference; fileEncoding = 4; lastKnownFileType = sourcecode.c.h; path = IFCMNotificationService.h; sourceTree = "<group>"; };
		CA44FCAF1A0AE27A0027699A /* IFCMPluginDictionary.h */ = {isa = PBXFileReference; fileEncoding = 4; lastKnownFileType = sourcecode.c.h; path = IFCMPluginDictionary.h; sourceTree = "<group>"; };
		CA44FCB01A0AE27A0027699A /* IFCMStringUtils.h */ = {isa = PBXFileReference; fileEncoding = 4; lastKnownFileType = sourcecode.c.h; path = IFCMStringUtils.h; sourceTree = "<group>"; };
		CA44FCB11A0AE27A0027699A /* IFCMUnknown.h */ = {isa = PBXFileReference; fileEncoding = 4; lastKnownFileType = sourcecode.c.h; path = IFCMUnknown.h; sourceTree = "<group>"; };
		CAA90B931A111DBD00BB2077 /* Features.xml */ = {isa = PBXFileReference; fileEncoding = 4; lastKnownFileType = text.xml; name = Features.xml; path = ../../res/Features.xml; sourceTree = "<group>"; };
		F540544A0950B01B00D1FC3F /* DocTypePublisherPlugin.plugin */ = {isa = PBXFileReference; explicitFileType = wrapper.cfbundle; includeInIndex = 0; path = DocTypePublisherPlugin.plugin; sourceTree = BUILT_PRODUCTS_DIR; };
		F5977F0C09B7D3B80058A43E /* project.xcconfig */ = {isa = PBXFileReference; fileEncoding = 30; lastKnownFileType = text.xcconfig; path = project.xcconfig; sourceTree = "<group>"; };
		F5977F0F09B7D4150058A43E /* project_debug.xcconfig */ = {isa = PBXFileReference; fileEncoding = 30; lastKnownFileType = text.xcconfig; path = project_debug.xcconfig; sourceTree = "<group>"; };
		F5977F1109B7D41E0058A43E /* project_release.xcconfig */ = {isa = PBXFileReference; fileEncoding = 30; lastKnownFileType = text.xcconfig; path = project_release.xcconfig; sourceTree = "<group>"; };
		F5D357480948EC91008C36CA /* DocTypePublisherPlugin.plugin */ = {isa = PBXFileReference; explicitFileType = wrapper.cfbundle; includeInIndex = 0; path = DocTypePublisherPlugin.plugin; sourceTree = BUILT_PRODUCTS_DIR; };
/* End PBXFileReference section */

/* Begin PBXFrameworksBuildPhase section */
		F54054420950B01B00D1FC3F /* Frameworks */ = {
			isa = PBXFrameworksBuildPhase;
			buildActionMask = 2147483647;
			files = (
				CA44FC241A0AE1E30027699A /* AppKit.framework in Frameworks */,
				CA44FC221A0AE1DA0027699A /* Foundation.framework in Frameworks */,
				CA44FC201A0AE1CF0027699A /* ApplicationServices.framework in Frameworks */,
				CA44FC251A0AE2060027699A /* CoreServices.framework in Frameworks */,
				A6F8F66F19B9B6E30037C21F /* libxerces-c-3.1.dylib in Frameworks */,
			);
			runOnlyForDeploymentPostprocessing = 0;
		};
		F5D357460948EC91008C36CA /* Frameworks */ = {
			isa = PBXFrameworksBuildPhase;
			buildActionMask = 2147483647;
			files = (
				A6F8F67C19B9B6E40037C21F /* libxerces-c-3.1.dylib in Frameworks */,
			);
			runOnlyForDeploymentPostprocessing = 0;
		};
/* End PBXFrameworksBuildPhase section */

/* Begin PBXGroup section */
		811C721C097349F9007B1073 /* Libraries */ = {
			isa = PBXGroup;
			children = (
				A6F8F65719B9B6E30037C21F /* ThirdParty/xerces-c-3.1.1/Build/Mac/Release */,
			);
			name = Libraries;
			sourceTree = "<group>";
		};
		A691412019B9ABBE0092E2DC /* Common/ThirdParty/libjson_7.6.1/libjson/_internal/Source */ = {
			isa = PBXGroup;
			children = (
				A691412119B9ABBE0092E2DC /* internalJSONNode.cpp */,
				A691412419B9ABBE0092E2DC /* JSONAllocator.cpp */,
				A691412619B9ABBE0092E2DC /* JSONChildren.cpp */,
				A691412819B9ABBE0092E2DC /* JSONDebug.cpp */,
				A691413119B9ABBE0092E2DC /* JSONIterators.cpp */,
				A691413219B9ABBE0092E2DC /* JSONMemory.cpp */,
				A691413519B9ABBE0092E2DC /* JSONNode.cpp */,
				A691413719B9ABBE0092E2DC /* JSONNode_Mutex.cpp */,
				A691413819B9ABBE0092E2DC /* JSONPreparse.cpp */,
				A691413D19B9ABBE0092E2DC /* JSONStream.cpp */,
				A691413F19B9ABBE0092E2DC /* JSONValidator.cpp */,
				A691414119B9ABBE0092E2DC /* JSONWorker.cpp */,
				A691414319B9ABBE0092E2DC /* JSONWriter.cpp */,
				A691414419B9ABBE0092E2DC /* libjson.cpp */,
			);
			name = Common/ThirdParty/libjson_7.6.1/libjson/_internal/Source;
			path = ../../../Common/ThirdParty/libjson_7.6.1/libjson/_internal/Source;
			sourceTree = "<group>";
		};
		A6F8F65519B9B6E30037C21F /* Applications/Xcode.app/Contents/Developer/Platforms/MacOSX.platform/Developer/SDKs/MacOSX10.8.sdk/System/Library/Frameworks */ = {
			isa = PBXGroup;
			children = (
				CA44FC231A0AE1E30027699A /* AppKit.framework */,
				CA44FC211A0AE1DA0027699A /* Foundation.framework */,
				CA44FC1F1A0AE1CF0027699A /* ApplicationServices.framework */,
				CA44FC1D1A0AE1C60027699A /* CoreServices.framework */,
			);
			name = Applications/Xcode.app/Contents/Developer/Platforms/MacOSX.platform/Developer/SDKs/MacOSX10.8.sdk/System/Library/Frameworks;
			path = ../../../../../../../../../../../../Applications/Xcode.app/Contents/Developer/Platforms/MacOSX.platform/Developer/SDKs/MacOSX10.8.sdk/System/Library/Frameworks;
			sourceTree = SOURCE_ROOT;
		};
		A6F8F65719B9B6E30037C21F /* ThirdParty/xerces-c-3.1.1/Build/Mac/Release */ = {
			isa = PBXGroup;
			children = (
				A6F8F65619B9B6E30037C21F /* libxerces-c-3.1.dylib */,
			);
			name = "ThirdParty/xerces-c-3.1.1/Build/Mac/Release";
			path = "../../../ThirdParty/xerces-c-3.1.1/Build/Mac/Release";
			sourceTree = SOURCE_ROOT;
		};
		A6F8F65E19B9B6E30037C21F /* src */ = {
			isa = PBXGroup;
			children = (
				A6F8F65819B9B6E30037C21F /* Main.cpp */,
				A6F8F65919B9B6E30037C21F /* DocType.cpp */,
				A6F8F65A19B9B6E30037C21F /* Publisher.cpp */,
				A6F8F65B19B9B6E30037C21F /* Utils.cpp */,
				A6F8F65C19B9B6E30037C21F /* OutputWriter.cpp */,
				A6F8F65D19B9B6E30037C21F /* MyXmlParser.cpp */,
			);
			name = src;
			path = ../../src;
			sourceTree = SOURCE_ROOT;
		};
		A6F8F66019B9B6E30037C21F /* mac */ = {
			isa = PBXGroup;
			children = (
				A6F8F65F19B9B6E30037C21F /* DocTypePublisherPlugin_Precomp.pch */,
			);
			name = mac;
			path = .;
			sourceTree = SOURCE_ROOT;
		};
		CA44FC261A0AE27A0027699A /* CustomPlatformSupportDevelopmentKit */ = {
			isa = PBXGroup;
			children = (
				CA44FC271A0AE27A0027699A /* headers */,
			);
			path = CustomPlatformSupportDevelopmentKit;
			sourceTree = "<group>";
		};
		CA44FC271A0AE27A0027699A /* headers */ = {
			isa = PBXGroup;
			children = (
				CA44FC281A0AE27A0027699A /* app */,
				CA44FC951A0AE27A0027699A /* core */,
			);
			path = headers;
			sourceTree = "<group>";
		};
		CA44FC281A0AE27A0027699A /* app */ = {
			isa = PBXGroup;
			children = (
				CA44FC291A0AE27A0027699A /* include */,
			);
			path = app;
			sourceTree = "<group>";
		};
		CA44FC291A0AE27A0027699A /* include */ = {
			isa = PBXGroup;
			children = (
				CA44FC2A1A0AE27A0027699A /* AppNamespace.h */,
				CA44FC2B1A0AE27A0027699A /* common */,
				CA44FC2D1A0AE27A0027699A /* interfaces */,
			);
			path = include;
			sourceTree = "<group>";
		};
		CA44FC2B1A0AE27A0027699A /* common */ = {
			isa = PBXGroup;
			children = (
				CA44FC2C1A0AE27A0027699A /* FlashFCMPublicIDs.h */,
			);
			path = common;
			sourceTree = "<group>";
		};
		CA44FC2D1A0AE27A0027699A /* interfaces */ = {
			isa = PBXGroup;
			children = (
				CA44FC2E1A0AE27A0027699A /* Application */,
				CA44FC321A0AE27A0027699A /* DocType */,
				CA44FC351A0AE27A0027699A /* DOM */,
				CA44FC8C1A0AE27A0027699A /* Exporter */,
				CA44FC931A0AE27A0027699A /* Publisher */,
			);
			path = interfaces;
			sourceTree = "<group>";
		};
		CA44FC2E1A0AE27A0027699A /* Application */ = {
			isa = PBXGroup;
			children = (
				CA44FC2F1A0AE27A0027699A /* Service */,
			);
			path = Application;
			sourceTree = "<group>";
		};
		CA44FC2F1A0AE27A0027699A /* Service */ = {
			isa = PBXGroup;
			children = (
				CA44FC301A0AE27A0027699A /* IFlashApplicationService.h */,
				CA44FC311A0AE27A0027699A /* IOutputConsoleService.h */,
			);
			path = Service;
			sourceTree = "<group>";
		};
		CA44FC321A0AE27A0027699A /* DocType */ = {
			isa = PBXGroup;
			children = (
				CA44FC331A0AE27A0027699A /* IDocType.h */,
				CA44FC341A0AE27A0027699A /* IFeatureMatrix.h */,
			);
			path = DocType;
			sourceTree = "<group>";
		};
		CA44FC351A0AE27A0027699A /* DOM */ = {
			isa = PBXGroup;
			children = (
				CA44FC361A0AE27A0027699A /* FillStyle */,
				CA44FC3A1A0AE27A0027699A /* FrameElement */,
				CA44FC491A0AE27A0027699A /* GraphicFilter */,
				CA44FC511A0AE27A0027699A /* IFilterable.h */,
				CA44FC521A0AE27A0027699A /* IFLADocument.h */,
				CA44FC531A0AE27A0027699A /* IFrame.h */,
				CA44FC541A0AE27A0027699A /* ILayer.h */,
				CA44FC551A0AE27A0027699A /* ILibraryItem.h */,
				CA44FC561A0AE27A0027699A /* ITimeline.h */,
				CA44FC571A0AE27A0027699A /* ITween.h */,
				CA44FC581A0AE27A0027699A /* LibraryItem */,
				CA44FC5D1A0AE27A0027699A /* MediaInfo */,
				CA44FC601A0AE27A0027699A /* Service */,
				CA44FC7D1A0AE27A0027699A /* StrokeStyle */,
				CA44FC851A0AE27A0027699A /* Utils */,
			);
			path = DOM;
			sourceTree = "<group>";
		};
		CA44FC361A0AE27A0027699A /* FillStyle */ = {
			isa = PBXGroup;
			children = (
				CA44FC371A0AE27A0027699A /* IBitmapFillStyle.h */,
				CA44FC381A0AE27A0027699A /* IGradientFillStyle.h */,
				CA44FC391A0AE27A0027699A /* ISolidFillStyle.h */,
			);
			path = FillStyle;
			sourceTree = "<group>";
		};
		CA44FC3A1A0AE27A0027699A /* FrameElement */ = {
			isa = PBXGroup;
			children = (
				CA44FC3B1A0AE27A0027699A /* IBitmapInstance.h */,
				CA44FC3C1A0AE27A0027699A /* IClassicText.h */,
				CA44FC3D1A0AE27A0027699A /* IFrameDisplayElement.h */,
				CA44FC3E1A0AE27A0027699A /* IGraphic.h */,
				CA44FC3F1A0AE27A0027699A /* IGroup.h */,
				CA44FC401A0AE27A0027699A /* IInstance.h */,
				CA44FC411A0AE27A0027699A /* IMovieClip.h */,
				CA44FC421A0AE27A0027699A /* IParagraph.h */,
				CA44FC431A0AE27A0027699A /* IShape.h */,
				CA44FC441A0AE27A0027699A /* ISound.h */,
				CA44FC451A0AE27A0027699A /* ISymbolInstance.h */,
				CA44FC461A0AE27A0027699A /* ITextBehaviour.h */,
				CA44FC471A0AE27A0027699A /* ITextRun.h */,
				CA44FC481A0AE27A0027699A /* ITextStyle.h */,
			);
			path = FrameElement;
			sourceTree = "<group>";
		};
		CA44FC491A0AE27A0027699A /* GraphicFilter */ = {
			isa = PBXGroup;
			children = (
				CA44FC4A1A0AE27A0027699A /* IAdjustColorFilter.h */,
				CA44FC4B1A0AE27A0027699A /* IBevelFilter.h */,
				CA44FC4C1A0AE27A0027699A /* IBlurFilter.h */,
				CA44FC4D1A0AE27A0027699A /* IDropShadowFilter.h */,
				CA44FC4E1A0AE27A0027699A /* IGlowFilter.h */,
				CA44FC4F1A0AE27A0027699A /* IGradientBevelFilter.h */,
				CA44FC501A0AE27A0027699A /* IGradientGlowFilter.h */,
			);
			path = GraphicFilter;
			sourceTree = "<group>";
		};
		CA44FC581A0AE27A0027699A /* LibraryItem */ = {
			isa = PBXGroup;
			children = (
				CA44FC591A0AE27A0027699A /* IFolderItem.h */,
				CA44FC5A1A0AE27A0027699A /* IFontItem.h */,
				CA44FC5B1A0AE27A0027699A /* IMediaItem.h */,
				CA44FC5C1A0AE27A0027699A /* ISymbolItem.h */,
			);
			path = LibraryItem;
			sourceTree = "<group>";
		};
		CA44FC5D1A0AE27A0027699A /* MediaInfo */ = {
			isa = PBXGroup;
			children = (
				CA44FC5E1A0AE27A0027699A /* IBitmapInfo.h */,
				CA44FC5F1A0AE27A0027699A /* ISoundInfo.h */,
			);
			path = MediaInfo;
			sourceTree = "<group>";
		};
		CA44FC601A0AE27A0027699A /* Service */ = {
			isa = PBXGroup;
			children = (
				CA44FC611A0AE27A0027699A /* Document */,
				CA44FC631A0AE27A0027699A /* FontTable */,
				CA44FC681A0AE27A0027699A /* Image */,
				CA44FC6A1A0AE27A0027699A /* Shape */,
				CA44FC711A0AE27A0027699A /* Sound */,
				CA44FC731A0AE27A0027699A /* TextLayout */,
				CA44FC761A0AE27A0027699A /* Tween */,
			);
			path = Service;
			sourceTree = "<group>";
		};
		CA44FC611A0AE27A0027699A /* Document */ = {
			isa = PBXGroup;
			children = (
				CA44FC621A0AE27A0027699A /* IFLADocService.h */,
			);
			path = Document;
			sourceTree = "<group>";
		};
		CA44FC631A0AE27A0027699A /* FontTable */ = {
			isa = PBXGroup;
			children = (
				CA44FC641A0AE27A0027699A /* IFontTable.h */,
				CA44FC651A0AE27A0027699A /* IFontTableGeneratorService.h */,
				CA44FC661A0AE27A0027699A /* IGlyph.h */,
				CA44FC671A0AE27A0027699A /* IKerningPair.h */,
			);
			path = FontTable;
			sourceTree = "<group>";
		};
		CA44FC681A0AE27A0027699A /* Image */ = {
			isa = PBXGroup;
			children = (
				CA44FC691A0AE27A0027699A /* IBitmapExportService.h */,
			);
			path = Image;
			sourceTree = "<group>";
		};
		CA44FC6A1A0AE27A0027699A /* Shape */ = {
			isa = PBXGroup;
			children = (
				CA44FC6B1A0AE27A0027699A /* IEdge.h */,
				CA44FC6C1A0AE27A0027699A /* IFilledRegion.h */,
				CA44FC6D1A0AE27A0027699A /* IPath.h */,
				CA44FC6E1A0AE27A0027699A /* IRegionGeneratorService.h */,
				CA44FC6F1A0AE27A0027699A /* IShapeService.h */,
				CA44FC701A0AE27A0027699A /* IStrokeGroup.h */,
			);
			path = Shape;
			sourceTree = "<group>";
		};
		CA44FC711A0AE27A0027699A /* Sound */ = {
			isa = PBXGroup;
			children = (
				CA44FC721A0AE27A0027699A /* ISoundExportService.h */,
			);
			path = Sound;
			sourceTree = "<group>";
		};
		CA44FC731A0AE27A0027699A /* TextLayout */ = {
			isa = PBXGroup;
			children = (
				CA44FC741A0AE27A0027699A /* ITextLine.h */,
				CA44FC751A0AE27A0027699A /* ITextLinesGeneratorService.h */,
			);
			path = TextLayout;
			sourceTree = "<group>";
		};
		CA44FC761A0AE27A0027699A /* Tween */ = {
			isa = PBXGroup;
			children = (
				CA44FC771A0AE27A0027699A /* IColorTweener.h */,
				CA44FC781A0AE27A0027699A /* IFilterTweener.h */,
				CA44FC791A0AE27A0027699A /* IGeometricTweener.h */,
				CA44FC7A1A0AE27A0027699A /* IPropertyIDs.h */,
				CA44FC7B1A0AE27A0027699A /* IShapeTweener.h */,
				CA44FC7C1A0AE27A0027699A /* ITweenerService.h */,
			);
			path = Tween;
			sourceTree = "<group>";
		};
		CA44FC7D1A0AE27A0027699A /* StrokeStyle */ = {
			isa = PBXGroup;
			children = (
				CA44FC7E1A0AE27A0027699A /* IDashedStrokeStyle.h */,
				CA44FC7F1A0AE27A0027699A /* IDottedStrokeStyle.h */,
				CA44FC801A0AE27A0027699A /* IHatchedStrokeStyle.h */,
				CA44FC811A0AE27A0027699A /* IRaggedStrokeStyle.h */,
				CA44FC821A0AE27A0027699A /* ISolidStrokeStyle.h */,
				CA44FC831A0AE27A0027699A /* IStippleStrokeStyle.h */,
				CA44FC841A0AE27A0027699A /* IStrokeWidth.h */,
			);
			path = StrokeStyle;
			sourceTree = "<group>";
		};
		CA44FC851A0AE27A0027699A /* Utils */ = {
			isa = PBXGroup;
			children = (
				CA44FC861A0AE27A0027699A /* DOMTypes.h */,
				CA44FC871A0AE27A0027699A /* ILinearColorGradient.h */,
				CA44FC881A0AE27A0027699A /* IMatrix2D.h */,
				CA44FC891A0AE27A0027699A /* IRadialColorGradient.h */,
				CA44FC8A1A0AE27A0027699A /* IRect.h */,
				CA44FC8B1A0AE27A0027699A /* ISoundEffect.h */,
			);
			path = Utils;
			sourceTree = "<group>";
		};
		CA44FC8C1A0AE27A0027699A /* Exporter */ = {
			isa = PBXGroup;
			children = (
				CA44FC8D1A0AE27A0027699A /* Service */,
			);
			path = Exporter;
			sourceTree = "<group>";
		};
		CA44FC8D1A0AE27A0027699A /* Service */ = {
			isa = PBXGroup;
			children = (
				CA44FC8E1A0AE27A0027699A /* IFrameCommandGenerator.h */,
				CA44FC8F1A0AE27A0027699A /* IResourcePalette.h */,
				CA44FC901A0AE27A0027699A /* ISWFExportService.h */,
				CA44FC911A0AE27A0027699A /* ITimelineBuilder.h */,
				CA44FC921A0AE27A0027699A /* ITimelineBuilderFactory.h */,
			);
			path = Service;
			sourceTree = "<group>";
		};
		CA44FC931A0AE27A0027699A /* Publisher */ = {
			isa = PBXGroup;
			children = (
				CA44FC941A0AE27A0027699A /* IPublisher.h */,
			);
			path = Publisher;
			sourceTree = "<group>";
		};
		CA44FC951A0AE27A0027699A /* core */ = {
			isa = PBXGroup;
			children = (
				CA44FC961A0AE27A0027699A /* include */,
			);
			path = core;
			sourceTree = "<group>";
		};
		CA44FC961A0AE27A0027699A /* include */ = {
			isa = PBXGroup;
			children = (
				CA44FC971A0AE27A0027699A /* common */,
				CA44FCA51A0AE27A0027699A /* FCMCoreNamespaces.h */,
				CA44FCA61A0AE27A0027699A /* interfaces */,
			);
			path = include;
			sourceTree = "<group>";
		};
		CA44FC971A0AE27A0027699A /* common */ = {
			isa = PBXGroup;
			children = (
				CA44FC981A0AE27A0027699A /* FCMErrors.h */,
				CA44FC991A0AE27A0027699A /* FCMMacros.h */,
				CA44FC9A1A0AE27A0027699A /* FCMPluginInterface.h */,
				CA44FC9B1A0AE27A0027699A /* FCMPostConfig.h */,
				CA44FC9C1A0AE27A0027699A /* FCMPreConfig.h */,
				CA44FC9D1A0AE27A0027699A /* FCMPublicIDs.h */,
				CA44FC9E1A0AE27A0027699A /* FCMTypes.h */,
				CA44FC9F1A0AE27A0027699A /* mac */,
				CA44FCA21A0AE27A0027699A /* win */,
			);
			path = common;
			sourceTree = "<group>";
		};
		CA44FC9F1A0AE27A0027699A /* mac */ = {
			isa = PBXGroup;
			children = (
				CA44FCA01A0AE27A0027699A /* FCMPostAlign_MAC.h */,
				CA44FCA11A0AE27A0027699A /* FCMPreAlign_MAC.h */,
			);
			path = mac;
			sourceTree = "<group>";
		};
		CA44FCA21A0AE27A0027699A /* win */ = {
			isa = PBXGroup;
			children = (
				CA44FCA31A0AE27A0027699A /* FCMPostAlign_WIN.h */,
				CA44FCA41A0AE27A0027699A /* FCMPreAlign_WIN.h */,
			);
			path = win;
			sourceTree = "<group>";
		};
		CA44FCA61A0AE27A0027699A /* interfaces */ = {
			isa = PBXGroup;
			children = (
				CA44FCA71A0AE27A0027699A /* IFCMCallback.h */,
				CA44FCA81A0AE27A0027699A /* IFCMCalloc.h */,
				CA44FCA91A0AE27A0027699A /* IFCMClassFactory.h */,
				CA44FCAA1A0AE27A0027699A /* IFCMDictionary.h */,
				CA44FCAB1A0AE27A0027699A /* IFCMList.h */,
				CA44FCAC1A0AE27A0027699A /* IFCMNoAggregationUnknown.h */,
				CA44FCAD1A0AE27A0027699A /* IFCMNotificationClient.h */,
				CA44FCAE1A0AE27A0027699A /* IFCMNotificationService.h */,
				CA44FCAF1A0AE27A0027699A /* IFCMPluginDictionary.h */,
				CA44FCB01A0AE27A0027699A /* IFCMStringUtils.h */,
				CA44FCB11A0AE27A0027699A /* IFCMUnknown.h */,
			);
			path = interfaces;
			sourceTree = "<group>";
		};
		F5977F0909B7D3970058A43E /* DocTypePublisherPlugin.xcconfigs */ = {
			isa = PBXGroup;
			children = (
				F5977F0C09B7D3B80058A43E /* project.xcconfig */,
				F5977F0F09B7D4150058A43E /* project_debug.xcconfig */,
				F5977F1109B7D41E0058A43E /* project_release.xcconfig */,
			);
			path = DocTypePublisherPlugin.xcconfigs;
			sourceTree = "<group>";
		};
		F5D357220948E8C4008C36CA = {
			isa = PBXGroup;
			children = (
				F5977F0909B7D3970058A43E /* DocTypePublisherPlugin.xcconfigs */,
				F5D3576909491A7D008C36CA /* Frameworks */,
				811C721C097349F9007B1073 /* Libraries */,
				F5D3574E0948ECD5008C36CA /* Resources */,
				F5D3574D0948ECCD008C36CA /* Sources */,
				F5D357400948EBCB008C36CA /* Products */,
			);
			sourceTree = "<group>";
		};
		F5D357400948EBCB008C36CA /* Products */ = {
			isa = PBXGroup;
			children = (
				F540544A0950B01B00D1FC3F /* DocTypePublisherPlugin.plugin */,
				F5D357480948EC91008C36CA /* DocTypePublisherPlugin.plugin */,
			);
			name = Products;
			path = ../../lib/mac;
			sourceTree = "<group>";
		};
		F5D3574D0948ECCD008C36CA /* Sources */ = {
			isa = PBXGroup;
			children = (
				A691412019B9ABBE0092E2DC /* Common/ThirdParty/libjson_7.6.1/libjson/_internal/Source */,
				A6F8F65E19B9B6E30037C21F /* src */,
				A6F8F66019B9B6E30037C21F /* mac */,
			);
			name = Sources;
			sourceTree = "<group>";
		};
		F5D3574E0948ECD5008C36CA /* Resources */ = {
			isa = PBXGroup;
			children = (
				CAA90B931A111DBD00BB2077 /* Features.xml */,
			);
			name = Resources;
			sourceTree = "<group>";
		};
		F5D3576909491A7D008C36CA /* Frameworks */ = {
			isa = PBXGroup;
			children = (
				CA44FC261A0AE27A0027699A /* CustomPlatformSupportDevelopmentKit */,
				A6F8F65519B9B6E30037C21F /* Applications/Xcode.app/Contents/Developer/Platforms/MacOSX.platform/Developer/SDKs/MacOSX10.8.sdk/System/Library/Frameworks */,
			);
			name = Frameworks;
			sourceTree = "<group>";
		};
/* End PBXGroup section */

/* Begin PBXNativeTarget section */
		A6F8F67019B9B6E30037C21F /* DocTypePublisherPlugin.Debug */ = {
			isa = PBXNativeTarget;
			buildConfigurationList = F54054480950B01B00D1FC3F /* Build configuration list for PBXNativeTarget "DocTypePublisherPlugin.Debug" */;
			buildPhases = (
				F540543D0950B01B00D1FC3F /* Resources */,
				F540543E0950B01B00D1FC3F /* Sources */,
				F54054420950B01B00D1FC3F /* Frameworks */,
				F54054440950B01B00D1FC3F /* Rez */,
				CFF13CD89CC74746A4C4E757 /* ShellScript */,
			);
			buildRules = (
			);
			dependencies = (
			);
			name = DocTypePublisherPlugin.Debug;
			productName = Debug;
			productReference = F540544A0950B01B00D1FC3F /* DocTypePublisherPlugin.plugin */;
			productType = "com.apple.product-type.bundle";
		};
		A6F8F67D19B9B6E40037C21F /* DocTypePublisherPlugin.Release */ = {
			isa = PBXNativeTarget;
			buildConfigurationList = F5D3574A0948EC91008C36CA /* Build configuration list for PBXNativeTarget "DocTypePublisherPlugin.Release" */;
			buildPhases = (
				F5D357440948EC91008C36CA /* Resources */,
				F5D357450948EC91008C36CA /* Sources */,
				F5D357460948EC91008C36CA /* Frameworks */,
				F5D357CC094A3D14008C36CA /* Rez */,
				CECC06A75DA044EA904B33B6 /* ShellScript */,
			);
			buildRules = (
			);
			dependencies = (
			);
			name = DocTypePublisherPlugin.Release;
			productName = Release;
			productReference = F5D357480948EC91008C36CA /* DocTypePublisherPlugin.plugin */;
			productType = "com.apple.product-type.bundle";
		};
/* End PBXNativeTarget section */

/* Begin PBXProject section */
		F5D357240948E8C4008C36CA /* Project object */ = {
			isa = PBXProject;
			attributes = {
			};
			buildConfigurationList = F5D357250948E8C4008C36CA /* Build configuration list for PBXProject "DocTypePublisherPlugin2.mp" */;
			compatibilityVersion = "Xcode 3.2";
			developmentRegion = English;
			hasScannedForEncodings = 0;
			knownRegions = (
				en,
			);
			mainGroup = F5D357220948E8C4008C36CA;
			productRefGroup = F5D357400948EBCB008C36CA /* Products */;
			projectDirPath = "";
			projectRoot = "";
			targets = (
				A6F8F67019B9B6E30037C21F /* DocTypePublisherPlugin.Debug */,
				A6F8F67D19B9B6E40037C21F /* DocTypePublisherPlugin.Release */,
			);
		};
/* End PBXProject section */

/* Begin PBXResourcesBuildPhase section */
		F540543D0950B01B00D1FC3F /* Resources */ = {
			isa = PBXResourcesBuildPhase;
			buildActionMask = 2147483647;
			files = (
				CAA90B941A111DBD00BB2077 /* Features.xml in Resources */,
			);
			runOnlyForDeploymentPostprocessing = 0;
		};
		F5D357440948EC91008C36CA /* Resources */ = {
			isa = PBXResourcesBuildPhase;
			buildActionMask = 2147483647;
			files = (
				CAA90B951A111DBD00BB2077 /* Features.xml in Resources */,
			);
			runOnlyForDeploymentPostprocessing = 0;
		};
/* End PBXResourcesBuildPhase section */

/* Begin PBXRezBuildPhase section */
		F54054440950B01B00D1FC3F /* Rez */ = {
			isa = PBXRezBuildPhase;
			buildActionMask = 2147483647;
			files = (
			);
			runOnlyForDeploymentPostprocessing = 0;
		};
		F5D357CC094A3D14008C36CA /* Rez */ = {
			isa = PBXRezBuildPhase;
			buildActionMask = 2147483647;
			files = (
			);
			runOnlyForDeploymentPostprocessing = 0;
		};
/* End PBXRezBuildPhase section */

/* Begin PBXShellScriptBuildPhase section */
		CECC06A75DA044EA904B33B6 /* ShellScript */ = {
			isa = PBXShellScriptBuildPhase;
			buildActionMask = 2147483647;
			files = (
			);
			inputPaths = (
			);
			outputPaths = (
			);
			runOnlyForDeploymentPostprocessing = 0;
			shellPath = /bin/bash;
			shellScript = "python post_build.64.py -c ${TARGET_NAME}\n";
			showEnvVarsInLog = 0;
		};
		CFF13CD89CC74746A4C4E757 /* ShellScript */ = {
			isa = PBXShellScriptBuildPhase;
			buildActionMask = 2147483647;
			files = (
			);
			inputPaths = (
			);
			outputPaths = (
			);
			runOnlyForDeploymentPostprocessing = 0;
			shellPath = /bin/bash;
			shellScript = "python post_build.64.py -c ${TARGET_NAME}\n";
			showEnvVarsInLog = 0;
		};
/* End PBXShellScriptBuildPhase section */

/* Begin PBXSourcesBuildPhase section */
		F540543E0950B01B00D1FC3F /* Sources */ = {
			isa = PBXSourcesBuildPhase;
			buildActionMask = 2147483647;
			files = (
				A6F8F66419B9B6E30037C21F /* Main.cpp in Sources */,
				A6F8F66519B9B6E30037C21F /* DocType.cpp in Sources */,
				A6F8F66619B9B6E30037C21F /* Publisher.cpp in Sources */,
				A6F8F66719B9B6E30037C21F /* Utils.cpp in Sources */,
				A6F8F66819B9B6E30037C21F /* OutputWriter.cpp in Sources */,
				A6F8F66919B9B6E30037C21F /* MyXmlParser.cpp in Sources */,
				A6F8F66A19B9B6E30037C21F /* DocTypePublisherPlugin_Precomp.pch in Sources */,
				A691414619B9ABBE0092E2DC /* internalJSONNode.cpp in Sources */,
				A691414819B9ABBE0092E2DC /* JSONAllocator.cpp in Sources */,
				A691414A19B9ABBE0092E2DC /* JSONChildren.cpp in Sources */,
				A691414C19B9ABBE0092E2DC /* JSONDebug.cpp in Sources */,
				A691414E19B9ABBE0092E2DC /* JSONIterators.cpp in Sources */,
				A691415019B9ABBE0092E2DC /* JSONMemory.cpp in Sources */,
				A691415219B9ABBE0092E2DC /* JSONNode.cpp in Sources */,
				A691415419B9ABBE0092E2DC /* JSONNode_Mutex.cpp in Sources */,
				A691415619B9ABBE0092E2DC /* JSONPreparse.cpp in Sources */,
				A691415819B9ABBE0092E2DC /* JSONStream.cpp in Sources */,
				A691415A19B9ABBE0092E2DC /* JSONValidator.cpp in Sources */,
				A691415C19B9ABBE0092E2DC /* JSONWorker.cpp in Sources */,
				A691415E19B9ABBE0092E2DC /* JSONWriter.cpp in Sources */,
				A691416019B9ABBE0092E2DC /* libjson.cpp in Sources */,
			);
			runOnlyForDeploymentPostprocessing = 0;
		};
		F5D357450948EC91008C36CA /* Sources */ = {
			isa = PBXSourcesBuildPhase;
			buildActionMask = 2147483647;
			files = (
				A6F8F67119B9B6E40037C21F /* Main.cpp in Sources */,
				A6F8F67219B9B6E40037C21F /* DocType.cpp in Sources */,
				A6F8F67319B9B6E40037C21F /* Publisher.cpp in Sources */,
				A6F8F67419B9B6E40037C21F /* Utils.cpp in Sources */,
				A6F8F67519B9B6E40037C21F /* OutputWriter.cpp in Sources */,
				A6F8F67619B9B6E40037C21F /* MyXmlParser.cpp in Sources */,
				A6F8F67719B9B6E40037C21F /* DocTypePublisherPlugin_Precomp.pch in Sources */,
				A691414719B9ABBE0092E2DC /* internalJSONNode.cpp in Sources */,
				A691414919B9ABBE0092E2DC /* JSONAllocator.cpp in Sources */,
				A691414B19B9ABBE0092E2DC /* JSONChildren.cpp in Sources */,
				A691414D19B9ABBE0092E2DC /* JSONDebug.cpp in Sources */,
				A691414F19B9ABBE0092E2DC /* JSONIterators.cpp in Sources */,
				A691415119B9ABBE0092E2DC /* JSONMemory.cpp in Sources */,
				A691415319B9ABBE0092E2DC /* JSONNode.cpp in Sources */,
				A691415519B9ABBE0092E2DC /* JSONNode_Mutex.cpp in Sources */,
				A691415719B9ABBE0092E2DC /* JSONPreparse.cpp in Sources */,
				A691415919B9ABBE0092E2DC /* JSONStream.cpp in Sources */,
				A691415B19B9ABBE0092E2DC /* JSONValidator.cpp in Sources */,
				A691415D19B9ABBE0092E2DC /* JSONWorker.cpp in Sources */,
				A691415F19B9ABBE0092E2DC /* JSONWriter.cpp in Sources */,
				A691416119B9ABBE0092E2DC /* libjson.cpp in Sources */,
			);
			runOnlyForDeploymentPostprocessing = 0;
		};
/* End PBXSourcesBuildPhase section */

/* Begin XCBuildConfiguration section */
		F54054490950B01B00D1FC3F /* Default */ = {
			isa = XCBuildConfiguration;
			baseConfigurationReference = F5977F0F09B7D4150058A43E /* project_debug.xcconfig */;
			buildSettings = {
				CONFIGURATION_BUILD_DIR = ../../lib/mac/debug/;
				HEADER_SEARCH_PATHS = (
					"../mac-xcode",
					../../../../../CustomPlatformSupportDevelopmentKit/headers/core/include/common,
					../../../../../CustomPlatformSupportDevelopmentKit/headers/core/include/interfaces,
					../../../../../CustomPlatformSupportDevelopmentKit/headers/app/include/common,
					../../../../../CustomPlatformSupportDevelopmentKit/headers/app/include/interfaces,
					../../../../../CustomPlatformSupportDevelopmentKit/headers/app/include/interfaces/DOM,
					../../../Common/ThirdParty/libjson_7.6.1/libjson,
					"../../../Common/ThirdParty/xerces/mac/xerces-c-3.1.1/src",
					../../../../../CustomPlatformSupportDevelopmentKit/headers/app/include/interfaces/Exporter,
					../../include,
					"\"$(SRCROOT)/CustomPlatformSupportDevelopmentKit\"/**",
				);
				LIBRARY_SEARCH_PATHS = (
					"../../../Common/ThirdParty/xerces/mac/xerces-c-3.1.1/Build/Mac/Release",
					"\"$(SRCROOT)/CustomPlatformSupportDevelopmentKit\"/**",
				);
			};
			name = Default;
		};
		F5D357270948E8C4008C36CA /* Default */ = {
			isa = XCBuildConfiguration;
			baseConfigurationReference = F5977F0C09B7D3B80058A43E /* project.xcconfig */;
			buildSettings = {
			};
			name = Default;
		};
		F5D3574B0948EC91008C36CA /* Default */ = {
			isa = XCBuildConfiguration;
			baseConfigurationReference = F5977F1109B7D41E0058A43E /* project_release.xcconfig */;
			buildSettings = {
				CONFIGURATION_BUILD_DIR = ../../lib/mac/release/;
				HEADER_SEARCH_PATHS = (
					"../mac-xcode",
					../../../../../CustomPlatformSupportDevelopmentKit/headers/core/include/common,
					../../../../../CustomPlatformSupportDevelopmentKit/headers/core/include/interfaces,
					../../../../../CustomPlatformSupportDevelopmentKit/headers/app/include/common,
					../../../../../CustomPlatformSupportDevelopmentKit/headers/app/include/interfaces,
					../../../../../CustomPlatformSupportDevelopmentKit/headers/app/include/interfaces/DOM,
					../../../Common/ThirdParty/libjson_7.6.1/libjson,
					"../../../Common/ThirdParty/xerces/mac/xerces-c-3.1.1/src",
					../../../../../CustomPlatformSupportDevelopmentKit/headers/app/include/interfaces/Exporter,
					../../include,
				);
				LIBRARY_SEARCH_PATHS = "../../../Common/ThirdParty/xerces/mac/xerces-c-3.1.1/Build/Mac/Release";
			};
			name = Default;
		};
/* End XCBuildConfiguration section */

/* Begin XCConfigurationList section */
		F54054480950B01B00D1FC3F /* Build configuration list for PBXNativeTarget "DocTypePublisherPlugin.Debug" */ = {
			isa = XCConfigurationList;
			buildConfigurations = (
				F54054490950B01B00D1FC3F /* Default */,
			);
			defaultConfigurationIsVisible = 0;
			defaultConfigurationName = Default;
		};
		F5D357250948E8C4008C36CA /* Build configuration list for PBXProject "DocTypePublisherPlugin2.mp" */ = {
			isa = XCConfigurationList;
			buildConfigurations = (
				F5D357270948E8C4008C36CA /* Default */,
			);
			defaultConfigurationIsVisible = 0;
			defaultConfigurationName = Default;
		};
		F5D3574A0948EC91008C36CA /* Build configuration list for PBXNativeTarget "DocTypePublisherPlugin.Release" */ = {
			isa = XCConfigurationList;
			buildConfigurations = (
				F5D3574B0948EC91008C36CA /* Default */,
			);
			defaultConfigurationIsVisible = 0;
			defaultConfigurationName = Default;
		};
/* End XCConfigurationList section */
	};
	rootObject = F5D357240948E8C4008C36CA /* Project object */;
}
