<?xml version="1.0" encoding="utf-8"?>
<Project ToolsVersion="4.0" xmlns="http://schemas.microsoft.com/developer/msbuild/2003">
  <ItemGroup>
    <Filter Include="(metaproject files)">
      <UniqueIdentifier>{B02A8541-09A8-54DD-2BFF-EDB106F755AC}</UniqueIdentifier>
    </Filter>
    <Filter Include="(metaproject files)\MP.include">
      <UniqueIdentifier>{635564C6-0ECE-52C9-29F4-F7DB0B77EBE1}</UniqueIdentifier>
    </Filter>
    <Filter Include="DocTypePublisherPlugin">
      <UniqueIdentifier>{7265AD3A-BCEA-0BCE-6576-62B3200B451C}</UniqueIdentifier>
    </Filter>
    <Filter Include="DocTypePublisherPlugin\project/win">
      <UniqueIdentifier>{5F65D42B-56E8-D763-D1A0-BF5A88696EF2}</UniqueIdentifier>
    </Filter>
    <Filter Include="DocTypePublisherPlugin\src">
      <UniqueIdentifier>{46470172-5A4C-7501-E7F1-7466D4B45038}</UniqueIdentifier>
    </Filter>
    <Filter Include="ThirdParty">
      <UniqueIdentifier>{09103E59-A1F6-D86D-A23D-615CA9C943F0}</UniqueIdentifier>
    </Filter>
    <Filter Include="ThirdParty\libjson_7.6.1/libjson/_internal/Source">
      <UniqueIdentifier>{3662535F-660A-384C-9AF5-97E4F35F70FE}</UniqueIdentifier>
    </Filter>
  </ItemGroup>
  <ItemGroup>
    <None Include="..\..\..\..\..\..\ext\adobe\dvacore\project\dvaincludes.mp">
      <Filter>(metaproject files)\MP.include</Filter>
    </None>
    <None Include="..\..\..\..\..\..\ext\adobe\metaproject\config\Flash\product_options.py">
      <Filter>(metaproject files)\MP.include</Filter>
    </None>
    <None Include="..\..\..\..\..\..\ext\adobe\dvacore\project\dvaproduct.mp">
      <Filter>(metaproject files)\MP.include</Filter>
    </None>
    <None Include="..\..\..\..\..\..\ext\adobe\dvacore\project\dvabase.mp">
      <Filter>(metaproject files)\MP.include</Filter>
    </None>
    <None Include="..\DocTypePublisherPlugin.mp">
      <Filter>(metaproject files)</Filter>
    </None>
    <None Include="..\..\..\..\..\Flash\project\Flashbase.mp">
      <Filter>(metaproject files)\MP.include</Filter>
    </None>
    <None Include="..\..\..\..\..\..\ext\adobe\dvacore\project\icuincludes.mp">
      <Filter>(metaproject files)\MP.include</Filter>
    </None>
    <ResourceCompile Include="DocTypePublisherPlugin_version_64.rc">
      <Filter>DocTypePublisherPlugin\project/win</Filter>
    </ResourceCompile>
    <ClCompile Include="DocTypePublisherPlugin_mp_precomp_64.cpp">
      <Filter>DocTypePublisherPlugin\project/win</Filter>
    </ClCompile>
    <CustomBuild Include="post_build.64.py">
      <Filter>DocTypePublisherPlugin\project/win</Filter>
    </CustomBuild>
  </ItemGroup>
  <ItemGroup>
    <ClCompile Include="..\..\src\DocType.cpp">
      <Filter>DocTypePublisherPlugin\src</Filter>
    </ClCompile>
    <ClCompile Include="..\..\src\Main.cpp">
      <Filter>DocTypePublisherPlugin\src</Filter>
    </ClCompile>
    <ClCompile Include="..\..\src\MyXmlParser.cpp">
      <Filter>DocTypePublisherPlugin\src</Filter>
    </ClCompile>
    <ClCompile Include="..\..\src\OutputWriter.cpp">
      <Filter>DocTypePublisherPlugin\src</Filter>
    </ClCompile>
    <ClCompile Include="..\..\src\Publisher.cpp">
      <Filter>DocTypePublisherPlugin\src</Filter>
    </ClCompile>
    <ClCompile Include="..\..\src\Utils.cpp">
      <Filter>DocTypePublisherPlugin\src</Filter>
    </ClCompile>
    <ClCompile Include="..\..\..\Common\ThirdParty\libjson_7.6.1\libjson\_internal\Source\JSONPreparse.cpp" />
    <ClCompile Include="..\..\..\Common\ThirdParty\libjson_7.6.1\libjson\_internal\Source\JSONValidator.cpp" />
    <ClCompile Include="..\..\..\Common\ThirdParty\libjson_7.6.1\libjson\_internal\Source\JSONWriter.cpp" />
    <ClCompile Include="..\..\..\Common\ThirdParty\libjson_7.6.1\libjson\_internal\Source\JSONNode_Mutex.cpp" />
    <ClCompile Include="..\..\..\Common\ThirdParty\libjson_7.6.1\libjson\_internal\Source\JSONWorker.cpp" />
    <ClCompile Include="..\..\..\Common\ThirdParty\libjson_7.6.1\libjson\_internal\Source\JSONDebug.cpp" />
    <ClCompile Include="..\..\..\Common\ThirdParty\libjson_7.6.1\libjson\_internal\Source\JSONStream.cpp" />
    <ClCompile Include="..\..\..\Common\ThirdParty\libjson_7.6.1\libjson\_internal\Source\libjson.cpp" />
    <ClCompile Include="..\..\..\Common\ThirdParty\libjson_7.6.1\libjson\_internal\Source\JSONIterators.cpp" />
    <ClCompile Include="..\..\..\Common\ThirdParty\libjson_7.6.1\libjson\_internal\Source\JSONMemory.cpp" />
    <ClCompile Include="..\..\..\Common\ThirdParty\libjson_7.6.1\libjson\_internal\Source\JSONAllocator.cpp" />
    <ClCompile Include="..\..\..\Common\ThirdParty\libjson_7.6.1\libjson\_internal\Source\JSONChildren.cpp" />
    <ClCompile Include="..\..\..\Common\ThirdParty\libjson_7.6.1\libjson\_internal\Source\internalJSONNode.cpp" />
    <ClCompile Include="..\..\..\Common\ThirdParty\libjson_7.6.1\libjson\_internal\Source\JSONNode.cpp" />
  </ItemGroup>
</Project>